// !$*UTF8*$!
{
	archiveVersion = 1;
	classes = {
	};
	objectVersion = 50;
	objects = {

/* Begin PBXBuildFile section */
		2DCFD54A214635FD0057D958 /* AppDelegate.m in Sources */ = {isa = PBXBuildFile; fileRef = 2DCFD549214635FD0057D958 /* AppDelegate.m */; };
		2DCFD54D214635FD0057D958 /* ViewController.m in Sources */ = {isa = PBXBuildFile; fileRef = 2DCFD54C214635FD0057D958 /* ViewController.m */; };
		2DCFD550214635FE0057D958 /* Main.storyboard in Resources */ = {isa = PBXBuildFile; fileRef = 2DCFD54E214635FE0057D958 /* Main.storyboard */; };
		2DCFD552214636010057D958 /* Assets.xcassets in Resources */ = {isa = PBXBuildFile; fileRef = 2DCFD551214636010057D958 /* Assets.xcassets */; };
		2DCFD555214636010057D958 /* LaunchScreen.storyboard in Resources */ = {isa = PBXBuildFile; fileRef = 2DCFD553214636010057D958 /* LaunchScreen.storyboard */; };
		2DCFD558214636010057D958 /* main.m in Sources */ = {isa = PBXBuildFile; fileRef = 2DCFD557214636010057D958 /* main.m */; };
		2DCFD58F214636920057D958 /* LGCameraImageView.m in Sources */ = {isa = PBXBuildFile; fileRef = 2DCFD586214636920057D958 /* LGCameraImageView.m */; };
		2DCFD590214636920057D958 /* ZLCamera.m in Sources */ = {isa = PBXBuildFile; fileRef = 2DCFD588214636920057D958 /* ZLCamera.m */; };
		2DCFD591214636920057D958 /* ZLCameraImageView.m in Sources */ = {isa = PBXBuildFile; fileRef = 2DCFD58A214636920057D958 /* ZLCameraImageView.m */; };
		2DCFD592214636920057D958 /* ZLCameraView.m in Sources */ = {isa = PBXBuildFile; fileRef = 2DCFD58C214636920057D958 /* ZLCameraView.m */; };
		2DCFD593214636920057D958 /* ZLCameraViewController.m in Sources */ = {isa = PBXBuildFile; fileRef = 2DCFD58E214636920057D958 /* ZLCameraViewController.m */; };
		2DCFD5B5214636A70057D958 /* DACircularProgressView.m in Sources */ = {isa = PBXBuildFile; fileRef = 2DCFD596214636A70057D958 /* DACircularProgressView.m */; };
		2DCFD5B6214636A70057D958 /* NSData+ImageContentType.m in Sources */ = {isa = PBXBuildFile; fileRef = 2DCFD599214636A70057D958 /* NSData+ImageContentType.m */; };
		2DCFD5B7214636A70057D958 /* SDImageCache.m in Sources */ = {isa = PBXBuildFile; fileRef = 2DCFD59B214636A70057D958 /* SDImageCache.m */; };
		2DCFD5B8214636A70057D958 /* SDWebImageCompat.m in Sources */ = {isa = PBXBuildFile; fileRef = 2DCFD59D214636A70057D958 /* SDWebImageCompat.m */; };
		2DCFD5B9214636A70057D958 /* SDWebImageDecoder.m in Sources */ = {isa = PBXBuildFile; fileRef = 2DCFD59F214636A70057D958 /* SDWebImageDecoder.m */; };
		2DCFD5BA214636A70057D958 /* SDWebImageDownloader.m in Sources */ = {isa = PBXBuildFile; fileRef = 2DCFD5A1214636A70057D958 /* SDWebImageDownloader.m */; };
		2DCFD5BB214636A70057D958 /* SDWebImageDownloaderOperation.m in Sources */ = {isa = PBXBuildFile; fileRef = 2DCFD5A3214636A70057D958 /* SDWebImageDownloaderOperation.m */; };
		2DCFD5BC214636A70057D958 /* SDWebImageManager.m in Sources */ = {isa = PBXBuildFile; fileRef = 2DCFD5A5214636A70057D958 /* SDWebImageManager.m */; };
		2DCFD5BD214636A70057D958 /* SDWebImagePrefetcher.m in Sources */ = {isa = PBXBuildFile; fileRef = 2DCFD5A8214636A70057D958 /* SDWebImagePrefetcher.m */; };
		2DCFD5BE214636A70057D958 /* UIButton+WebCache.m in Sources */ = {isa = PBXBuildFile; fileRef = 2DCFD5AA214636A70057D958 /* UIButton+WebCache.m */; };
		2DCFD5BF214636A70057D958 /* UIImage+GIF.m in Sources */ = {isa = PBXBuildFile; fileRef = 2DCFD5AC214636A70057D958 /* UIImage+GIF.m */; };
		2DCFD5C0214636A70057D958 /* UIImage+MultiFormat.m in Sources */ = {isa = PBXBuildFile; fileRef = 2DCFD5AE214636A70057D958 /* UIImage+MultiFormat.m */; };
		2DCFD5C1214636A70057D958 /* UIImageView+HighlightedWebCache.m in Sources */ = {isa = PBXBuildFile; fileRef = 2DCFD5B0214636A70057D958 /* UIImageView+HighlightedWebCache.m */; };
		2DCFD5C2214636A70057D958 /* UIImageView+WebCache.m in Sources */ = {isa = PBXBuildFile; fileRef = 2DCFD5B2214636A70057D958 /* UIImageView+WebCache.m */; };
		2DCFD5C3214636A70057D958 /* UIView+WebCacheOperation.m in Sources */ = {isa = PBXBuildFile; fileRef = 2DCFD5B4214636A70057D958 /* UIView+WebCacheOperation.m */; };
		2DCFD5F621463A550057D958 /* LGPhotoPickerBrowserPhoto.m in Sources */ = {isa = PBXBuildFile; fileRef = 2DCFD5CB21463A550057D958 /* LGPhotoPickerBrowserPhoto.m */; };
		2DCFD5F721463A550057D958 /* LGPhotoRect.m in Sources */ = {isa = PBXBuildFile; fileRef = 2DCFD5CD21463A550057D958 /* LGPhotoRect.m */; };
		2DCFD5F821463A550057D958 /* LGPhotoPickerBrowserViewController.m in Sources */ = {isa = PBXBuildFile; fileRef = 2DCFD5D021463A550057D958 /* LGPhotoPickerBrowserViewController.m */; };
		2DCFD5F921463A550057D958 /* LGImagePickerSelectView.m in Sources */ = {isa = PBXBuildFile; fileRef = 2DCFD5D321463A550057D958 /* LGImagePickerSelectView.m */; };
		2DCFD5FA21463A550057D958 /* LGPhotoPickerBrowserPhotoImageView.m in Sources */ = {isa = PBXBuildFile; fileRef = 2DCFD5D521463A550057D958 /* LGPhotoPickerBrowserPhotoImageView.m */; };
		2DCFD5FB21463A550057D958 /* LGPhotoPickerBrowserPhotoScrollView.m in Sources */ = {isa = PBXBuildFile; fileRef = 2DCFD5D721463A550057D958 /* LGPhotoPickerBrowserPhotoScrollView.m */; };
		2DCFD5FC21463A550057D958 /* LGPhotoPickerBrowserPhotoView.m in Sources */ = {isa = PBXBuildFile; fileRef = 2DCFD5D921463A550057D958 /* LGPhotoPickerBrowserPhotoView.m */; };
		2DCFD5FD21463A550057D958 /* LGPhotoPickerCustomToolBarView.m in Sources */ = {isa = PBXBuildFile; fileRef = 2DCFD5DB21463A550057D958 /* LGPhotoPickerCustomToolBarView.m */; };
		2DCFD5FE21463A550057D958 /* LGPhotoAssets.m in Sources */ = {isa = PBXBuildFile; fileRef = 2DCFD5DF21463A550057D958 /* LGPhotoAssets.m */; };
		2DCFD5FF21463A550057D958 /* LGPhotoPickerDatas.m in Sources */ = {isa = PBXBuildFile; fileRef = 2DCFD5E121463A550057D958 /* LGPhotoPickerDatas.m */; };
		2DCFD60021463A550057D958 /* LGPhotoPickerGroup.m in Sources */ = {isa = PBXBuildFile; fileRef = 2DCFD5E321463A550057D958 /* LGPhotoPickerGroup.m */; };
		2DCFD60121463A550057D958 /* LGPhotoPickerAssetsViewController.m in Sources */ = {isa = PBXBuildFile; fileRef = 2DCFD5E621463A550057D958 /* LGPhotoPickerAssetsViewController.m */; };
		2DCFD60221463A550057D958 /* LGPhotoPickerGroupViewController.m in Sources */ = {isa = PBXBuildFile; fileRef = 2DCFD5E821463A550057D958 /* LGPhotoPickerGroupViewController.m */; };
		2DCFD60321463A550057D958 /* LGPhotoPickerViewController.m in Sources */ = {isa = PBXBuildFile; fileRef = 2DCFD5EA21463A550057D958 /* LGPhotoPickerViewController.m */; };
		2DCFD60421463A550057D958 /* LGPhotoPickerCollectionView.m in Sources */ = {isa = PBXBuildFile; fileRef = 2DCFD5ED21463A550057D958 /* LGPhotoPickerCollectionView.m */; };
		2DCFD60521463A550057D958 /* LGPhotoPickerCollectionViewCell.m in Sources */ = {isa = PBXBuildFile; fileRef = 2DCFD5EF21463A550057D958 /* LGPhotoPickerCollectionViewCell.m */; };
		2DCFD60621463A550057D958 /* LGPhotoPickerFooterCollectionReusableView.m in Sources */ = {isa = PBXBuildFile; fileRef = 2DCFD5F121463A550057D958 /* LGPhotoPickerFooterCollectionReusableView.m */; };
		2DCFD60721463A550057D958 /* LGPhotoPickerGroupTableViewCell.m in Sources */ = {isa = PBXBuildFile; fileRef = 2DCFD5F321463A550057D958 /* LGPhotoPickerGroupTableViewCell.m */; };
		2DCFD60821463A550057D958 /* LGPhotoPickerImageView.m in Sources */ = {isa = PBXBuildFile; fileRef = 2DCFD5F521463A550057D958 /* LGPhotoPickerImageView.m */; };
		2DCFD60F21463C3E0057D958 /* btn_back_imagePicker@2x.png in Resources */ = {isa = PBXBuildFile; fileRef = 2DCFD60A21463C3E0057D958 /* btn_back_imagePicker@2x.png */; };
		2DCFD61021463C3E0057D958 /* checkbox_pic2@2x.png in Resources */ = {isa = PBXBuildFile; fileRef = 2DCFD60B21463C3E0057D958 /* checkbox_pic2@2x.png */; };
		2DCFD61121463C3E0057D958 /* checkbox_pic@2x.png in Resources */ = {isa = PBXBuildFile; fileRef = 2DCFD60C21463C3E0057D958 /* checkbox_pic@2x.png */; };
		2DCFD61221463C3E0057D958 /* checkbox_pic_non2@2x.png in Resources */ = {isa = PBXBuildFile; fileRef = 2DCFD60D21463C3E0057D958 /* checkbox_pic_non2@2x.png */; };
		2DCFD61321463C3E0057D958 /* checkbox_pic_non@2x.png in Resources */ = {isa = PBXBuildFile; fileRef = 2DCFD60E21463C3E0057D958 /* checkbox_pic_non@2x.png */; };
		2DCFD6152146428F0057D958 /* lock@2x.png in Resources */ = {isa = PBXBuildFile; fileRef = 2DCFD6142146428F0057D958 /* lock@2x.png */; };
/* End PBXBuildFile section */

/* Begin PBXFileReference section */
		2DCFD545214635FD0057D958 /* photo.app */ = {isa = PBXFileReference; explicitFileType = wrapper.application; includeInIndex = 0; path = photo.app; sourceTree = BUILT_PRODUCTS_DIR; };
		2DCFD548214635FD0057D958 /* AppDelegate.h */ = {isa = PBXFileReference; lastKnownFileType = sourcecode.c.h; path = AppDelegate.h; sourceTree = "<group>"; };
		2DCFD549214635FD0057D958 /* AppDelegate.m */ = {isa = PBXFileReference; lastKnownFileType = sourcecode.c.objc; path = AppDelegate.m; sourceTree = "<group>"; };
		2DCFD54B214635FD0057D958 /* ViewController.h */ = {isa = PBXFileReference; lastKnownFileType = sourcecode.c.h; path = ViewController.h; sourceTree = "<group>"; };
		2DCFD54C214635FD0057D958 /* ViewController.m */ = {isa = PBXFileReference; lastKnownFileType = sourcecode.c.objc; path = ViewController.m; sourceTree = "<group>"; };
		2DCFD54F214635FE0057D958 /* Base */ = {isa = PBXFileReference; lastKnownFileType = file.storyboard; name = Base; path = Base.lproj/Main.storyboard; sourceTree = "<group>"; };
		2DCFD551214636010057D958 /* Assets.xcassets */ = {isa = PBXFileReference; lastKnownFileType = folder.assetcatalog; path = Assets.xcassets; sourceTree = "<group>"; };
		2DCFD554214636010057D958 /* Base */ = {isa = PBXFileReference; lastKnownFileType = file.storyboard; name = Base; path = Base.lproj/LaunchScreen.storyboard; sourceTree = "<group>"; };
		2DCFD556214636010057D958 /* Info.plist */ = {isa = PBXFileReference; lastKnownFileType = text.plist.xml; path = Info.plist; sourceTree = "<group>"; };
		2DCFD557214636010057D958 /* main.m */ = {isa = PBXFileReference; lastKnownFileType = sourcecode.c.objc; path = main.m; sourceTree = "<group>"; };
		2DCFD585214636920057D958 /* LGCameraImageView.h */ = {isa = PBXFileReference; fileEncoding = 4; lastKnownFileType = sourcecode.c.h; path = LGCameraImageView.h; sourceTree = "<group>"; };
		2DCFD586214636920057D958 /* LGCameraImageView.m */ = {isa = PBXFileReference; fileEncoding = 4; lastKnownFileType = sourcecode.c.objc; path = LGCameraImageView.m; sourceTree = "<group>"; };
		2DCFD587214636920057D958 /* ZLCamera.h */ = {isa = PBXFileReference; fileEncoding = 4; lastKnownFileType = sourcecode.c.h; path = ZLCamera.h; sourceTree = "<group>"; };
		2DCFD588214636920057D958 /* ZLCamera.m */ = {isa = PBXFileReference; fileEncoding = 4; lastKnownFileType = sourcecode.c.objc; path = ZLCamera.m; sourceTree = "<group>"; };
		2DCFD589214636920057D958 /* ZLCameraImageView.h */ = {isa = PBXFileReference; fileEncoding = 4; lastKnownFileType = sourcecode.c.h; path = ZLCameraImageView.h; sourceTree = "<group>"; };
		2DCFD58A214636920057D958 /* ZLCameraImageView.m */ = {isa = PBXFileReference; fileEncoding = 4; lastKnownFileType = sourcecode.c.objc; path = ZLCameraImageView.m; sourceTree = "<group>"; };
		2DCFD58B214636920057D958 /* ZLCameraView.h */ = {isa = PBXFileReference; fileEncoding = 4; lastKnownFileType = sourcecode.c.h; path = ZLCameraView.h; sourceTree = "<group>"; };
		2DCFD58C214636920057D958 /* ZLCameraView.m */ = {isa = PBXFileReference; fileEncoding = 4; lastKnownFileType = sourcecode.c.objc; path = ZLCameraView.m; sourceTree = "<group>"; };
		2DCFD58D214636920057D958 /* ZLCameraViewController.h */ = {isa = PBXFileReference; fileEncoding = 4; lastKnownFileType = sourcecode.c.h; path = ZLCameraViewController.h; sourceTree = "<group>"; };
		2DCFD58E214636920057D958 /* ZLCameraViewController.m */ = {isa = PBXFileReference; fileEncoding = 4; lastKnownFileType = sourcecode.c.objc; path = ZLCameraViewController.m; sourceTree = "<group>"; };
		2DCFD595214636A70057D958 /* DACircularProgressView.h */ = {isa = PBXFileReference; fileEncoding = 4; lastKnownFileType = sourcecode.c.h; path = DACircularProgressView.h; sourceTree = "<group>"; };
		2DCFD596214636A70057D958 /* DACircularProgressView.m */ = {isa = PBXFileReference; fileEncoding = 4; lastKnownFileType = sourcecode.c.objc; path = DACircularProgressView.m; sourceTree = "<group>"; };
		2DCFD598214636A70057D958 /* NSData+ImageContentType.h */ = {isa = PBXFileReference; fileEncoding = 4; lastKnownFileType = sourcecode.c.h; path = "NSData+ImageContentType.h"; sourceTree = "<group>"; };
		2DCFD599214636A70057D958 /* NSData+ImageContentType.m */ = {isa = PBXFileReference; fileEncoding = 4; lastKnownFileType = sourcecode.c.objc; path = "NSData+ImageContentType.m"; sourceTree = "<group>"; };
		2DCFD59A214636A70057D958 /* SDImageCache.h */ = {isa = PBXFileReference; fileEncoding = 4; lastKnownFileType = sourcecode.c.h; path = SDImageCache.h; sourceTree = "<group>"; };
		2DCFD59B214636A70057D958 /* SDImageCache.m */ = {isa = PBXFileReference; fileEncoding = 4; lastKnownFileType = sourcecode.c.objc; path = SDImageCache.m; sourceTree = "<group>"; };
		2DCFD59C214636A70057D958 /* SDWebImageCompat.h */ = {isa = PBXFileReference; fileEncoding = 4; lastKnownFileType = sourcecode.c.h; path = SDWebImageCompat.h; sourceTree = "<group>"; };
		2DCFD59D214636A70057D958 /* SDWebImageCompat.m */ = {isa = PBXFileReference; fileEncoding = 4; lastKnownFileType = sourcecode.c.objc; path = SDWebImageCompat.m; sourceTree = "<group>"; };
		2DCFD59E214636A70057D958 /* SDWebImageDecoder.h */ = {isa = PBXFileReference; fileEncoding = 4; lastKnownFileType = sourcecode.c.h; path = SDWebImageDecoder.h; sourceTree = "<group>"; };
		2DCFD59F214636A70057D958 /* SDWebImageDecoder.m */ = {isa = PBXFileReference; fileEncoding = 4; lastKnownFileType = sourcecode.c.objc; path = SDWebImageDecoder.m; sourceTree = "<group>"; };
		2DCFD5A0214636A70057D958 /* SDWebImageDownloader.h */ = {isa = PBXFileReference; fileEncoding = 4; lastKnownFileType = sourcecode.c.h; path = SDWebImageDownloader.h; sourceTree = "<group>"; };
		2DCFD5A1214636A70057D958 /* SDWebImageDownloader.m */ = {isa = PBXFileReference; fileEncoding = 4; lastKnownFileType = sourcecode.c.objc; path = SDWebImageDownloader.m; sourceTree = "<group>"; };
		2DCFD5A2214636A70057D958 /* SDWebImageDownloaderOperation.h */ = {isa = PBXFileReference; fileEncoding = 4; lastKnownFileType = sourcecode.c.h; path = SDWebImageDownloaderOperation.h; sourceTree = "<group>"; };
		2DCFD5A3214636A70057D958 /* SDWebImageDownloaderOperation.m */ = {isa = PBXFileReference; fileEncoding = 4; lastKnownFileType = sourcecode.c.objc; path = SDWebImageDownloaderOperation.m; sourceTree = "<group>"; };
		2DCFD5A4214636A70057D958 /* SDWebImageManager.h */ = {isa = PBXFileReference; fileEncoding = 4; lastKnownFileType = sourcecode.c.h; path = SDWebImageManager.h; sourceTree = "<group>"; };
		2DCFD5A5214636A70057D958 /* SDWebImageManager.m */ = {isa = PBXFileReference; fileEncoding = 4; lastKnownFileType = sourcecode.c.objc; path = SDWebImageManager.m; sourceTree = "<group>"; };
		2DCFD5A6214636A70057D958 /* SDWebImageOperation.h */ = {isa = PBXFileReference; fileEncoding = 4; lastKnownFileType = sourcecode.c.h; path = SDWebImageOperation.h; sourceTree = "<group>"; };
		2DCFD5A7214636A70057D958 /* SDWebImagePrefetcher.h */ = {isa = PBXFileReference; fileEncoding = 4; lastKnownFileType = sourcecode.c.h; path = SDWebImagePrefetcher.h; sourceTree = "<group>"; };
		2DCFD5A8214636A70057D958 /* SDWebImagePrefetcher.m */ = {isa = PBXFileReference; fileEncoding = 4; lastKnownFileType = sourcecode.c.objc; path = SDWebImagePrefetcher.m; sourceTree = "<group>"; };
		2DCFD5A9214636A70057D958 /* UIButton+WebCache.h */ = {isa = PBXFileReference; fileEncoding = 4; lastKnownFileType = sourcecode.c.h; path = "UIButton+WebCache.h"; sourceTree = "<group>"; };
		2DCFD5AA214636A70057D958 /* UIButton+WebCache.m */ = {isa = PBXFileReference; fileEncoding = 4; lastKnownFileType = sourcecode.c.objc; path = "UIButton+WebCache.m"; sourceTree = "<group>"; };
		2DCFD5AB214636A70057D958 /* UIImage+GIF.h */ = {isa = PBXFileReference; fileEncoding = 4; lastKnownFileType = sourcecode.c.h; path = "UIImage+GIF.h"; sourceTree = "<group>"; };
		2DCFD5AC214636A70057D958 /* UIImage+GIF.m */ = {isa = PBXFileReference; fileEncoding = 4; lastKnownFileType = sourcecode.c.objc; path = "UIImage+GIF.m"; sourceTree = "<group>"; };
		2DCFD5AD214636A70057D958 /* UIImage+MultiFormat.h */ = {isa = PBXFileReference; fileEncoding = 4; lastKnownFileType = sourcecode.c.h; path = "UIImage+MultiFormat.h"; sourceTree = "<group>"; };
		2DCFD5AE214636A70057D958 /* UIImage+MultiFormat.m */ = {isa = PBXFileReference; fileEncoding = 4; lastKnownFileType = sourcecode.c.objc; path = "UIImage+MultiFormat.m"; sourceTree = "<group>"; };
		2DCFD5AF214636A70057D958 /* UIImageView+HighlightedWebCache.h */ = {isa = PBXFileReference; fileEncoding = 4; lastKnownFileType = sourcecode.c.h; path = "UIImageView+HighlightedWebCache.h"; sourceTree = "<group>"; };
		2DCFD5B0214636A70057D958 /* UIImageView+HighlightedWebCache.m */ = {isa = PBXFileReference; fileEncoding = 4; lastKnownFileType = sourcecode.c.objc; path = "UIImageView+HighlightedWebCache.m"; sourceTree = "<group>"; };
		2DCFD5B1214636A70057D958 /* UIImageView+WebCache.h */ = {isa = PBXFileReference; fileEncoding = 4; lastKnownFileType = sourcecode.c.h; path = "UIImageView+WebCache.h"; sourceTree = "<group>"; };
		2DCFD5B2214636A70057D958 /* UIImageView+WebCache.m */ = {isa = PBXFileReference; fileEncoding = 4; lastKnownFileType = sourcecode.c.objc; path = "UIImageView+WebCache.m"; sourceTree = "<group>"; };
		2DCFD5B3214636A70057D958 /* UIView+WebCacheOperation.h */ = {isa = PBXFileReference; fileEncoding = 4; lastKnownFileType = sourcecode.c.h; path = "UIView+WebCacheOperation.h"; sourceTree = "<group>"; };
		2DCFD5B4214636A70057D958 /* UIView+WebCacheOperation.m */ = {isa = PBXFileReference; fileEncoding = 4; lastKnownFileType = sourcecode.c.objc; path = "UIView+WebCacheOperation.m"; sourceTree = "<group>"; };
		2DCFD5C6214638650057D958 /* LGPhotoPickerCommon.h */ = {isa = PBXFileReference; fileEncoding = 4; lastKnownFileType = sourcecode.c.h; path = LGPhotoPickerCommon.h; sourceTree = "<group>"; };
		2DCFD5C7214639B20057D958 /* LGPhoto.h */ = {isa = PBXFileReference; fileEncoding = 4; lastKnownFileType = sourcecode.c.h; path = LGPhoto.h; sourceTree = "<group>"; };
		2DCFD5CA21463A550057D958 /* LGPhotoPickerBrowserPhoto.h */ = {isa = PBXFileReference; fileEncoding = 4; lastKnownFileType = sourcecode.c.h; path = LGPhotoPickerBrowserPhoto.h; sourceTree = "<group>"; };
		2DCFD5CB21463A550057D958 /* LGPhotoPickerBrowserPhoto.m */ = {isa = PBXFileReference; fileEncoding = 4; lastKnownFileType = sourcecode.c.objc; path = LGPhotoPickerBrowserPhoto.m; sourceTree = "<group>"; };
		2DCFD5CC21463A550057D958 /* LGPhotoRect.h */ = {isa = PBXFileReference; fileEncoding = 4; lastKnownFileType = sourcecode.c.h; path = LGPhotoRect.h; sourceTree = "<group>"; };
		2DCFD5CD21463A550057D958 /* LGPhotoRect.m */ = {isa = PBXFileReference; fileEncoding = 4; lastKnownFileType = sourcecode.c.objc; path = LGPhotoRect.m; sourceTree = "<group>"; };
		2DCFD5CF21463A550057D958 /* LGPhotoPickerBrowserViewController.h */ = {isa = PBXFileReference; fileEncoding = 4; lastKnownFileType = sourcecode.c.h; path = LGPhotoPickerBrowserViewController.h; sourceTree = "<group>"; };
		2DCFD5D021463A550057D958 /* LGPhotoPickerBrowserViewController.m */ = {isa = PBXFileReference; fileEncoding = 4; lastKnownFileType = sourcecode.c.objc; path = LGPhotoPickerBrowserViewController.m; sourceTree = "<group>"; };
		2DCFD5D221463A550057D958 /* LGImagePickerSelectView.h */ = {isa = PBXFileReference; fileEncoding = 4; lastKnownFileType = sourcecode.c.h; path = LGImagePickerSelectView.h; sourceTree = "<group>"; };
		2DCFD5D321463A550057D958 /* LGImagePickerSelectView.m */ = {isa = PBXFileReference; fileEncoding = 4; lastKnownFileType = sourcecode.c.objc; path = LGImagePickerSelectView.m; sourceTree = "<group>"; };
		2DCFD5D421463A550057D958 /* LGPhotoPickerBrowserPhotoImageView.h */ = {isa = PBXFileReference; fileEncoding = 4; lastKnownFileType = sourcecode.c.h; path = LGPhotoPickerBrowserPhotoImageView.h; sourceTree = "<group>"; };
		2DCFD5D521463A550057D958 /* LGPhotoPickerBrowserPhotoImageView.m */ = {isa = PBXFileReference; fileEncoding = 4; lastKnownFileType = sourcecode.c.objc; path = LGPhotoPickerBrowserPhotoImageView.m; sourceTree = "<group>"; };
		2DCFD5D621463A550057D958 /* LGPhotoPickerBrowserPhotoScrollView.h */ = {isa = PBXFileReference; fileEncoding = 4; lastKnownFileType = sourcecode.c.h; path = LGPhotoPickerBrowserPhotoScrollView.h; sourceTree = "<group>"; };
		2DCFD5D721463A550057D958 /* LGPhotoPickerBrowserPhotoScrollView.m */ = {isa = PBXFileReference; fileEncoding = 4; lastKnownFileType = sourcecode.c.objc; path = LGPhotoPickerBrowserPhotoScrollView.m; sourceTree = "<group>"; };
		2DCFD5D821463A550057D958 /* LGPhotoPickerBrowserPhotoView.h */ = {isa = PBXFileReference; fileEncoding = 4; lastKnownFileType = sourcecode.c.h; path = LGPhotoPickerBrowserPhotoView.h; sourceTree = "<group>"; };
		2DCFD5D921463A550057D958 /* LGPhotoPickerBrowserPhotoView.m */ = {isa = PBXFileReference; fileEncoding = 4; lastKnownFileType = sourcecode.c.objc; path = LGPhotoPickerBrowserPhotoView.m; sourceTree = "<group>"; };
		2DCFD5DA21463A550057D958 /* LGPhotoPickerCustomToolBarView.h */ = {isa = PBXFileReference; fileEncoding = 4; lastKnownFileType = sourcecode.c.h; path = LGPhotoPickerCustomToolBarView.h; sourceTree = "<group>"; };
		2DCFD5DB21463A550057D958 /* LGPhotoPickerCustomToolBarView.m */ = {isa = PBXFileReference; fileEncoding = 4; lastKnownFileType = sourcecode.c.objc; path = LGPhotoPickerCustomToolBarView.m; sourceTree = "<group>"; };
		2DCFD5DE21463A550057D958 /* LGPhotoAssets.h */ = {isa = PBXFileReference; fileEncoding = 4; lastKnownFileType = sourcecode.c.h; path = LGPhotoAssets.h; sourceTree = "<group>"; };
		2DCFD5DF21463A550057D958 /* LGPhotoAssets.m */ = {isa = PBXFileReference; fileEncoding = 4; lastKnownFileType = sourcecode.c.objc; path = LGPhotoAssets.m; sourceTree = "<group>"; };
		2DCFD5E021463A550057D958 /* LGPhotoPickerDatas.h */ = {isa = PBXFileReference; fileEncoding = 4; lastKnownFileType = sourcecode.c.h; path = LGPhotoPickerDatas.h; sourceTree = "<group>"; };
		2DCFD5E121463A550057D958 /* LGPhotoPickerDatas.m */ = {isa = PBXFileReference; fileEncoding = 4; lastKnownFileType = sourcecode.c.objc; path = LGPhotoPickerDatas.m; sourceTree = "<group>"; };
		2DCFD5E221463A550057D958 /* LGPhotoPickerGroup.h */ = {isa = PBXFileReference; fileEncoding = 4; lastKnownFileType = sourcecode.c.h; path = LGPhotoPickerGroup.h; sourceTree = "<group>"; };
		2DCFD5E321463A550057D958 /* LGPhotoPickerGroup.m */ = {isa = PBXFileReference; fileEncoding = 4; lastKnownFileType = sourcecode.c.objc; path = LGPhotoPickerGroup.m; sourceTree = "<group>"; };
		2DCFD5E521463A550057D958 /* LGPhotoPickerAssetsViewController.h */ = {isa = PBXFileReference; fileEncoding = 4; lastKnownFileType = sourcecode.c.h; path = LGPhotoPickerAssetsViewController.h; sourceTree = "<group>"; };
		2DCFD5E621463A550057D958 /* LGPhotoPickerAssetsViewController.m */ = {isa = PBXFileReference; fileEncoding = 4; lastKnownFileType = sourcecode.c.objc; path = LGPhotoPickerAssetsViewController.m; sourceTree = "<group>"; };
		2DCFD5E721463A550057D958 /* LGPhotoPickerGroupViewController.h */ = {isa = PBXFileReference; fileEncoding = 4; lastKnownFileType = sourcecode.c.h; path = LGPhotoPickerGroupViewController.h; sourceTree = "<group>"; };
		2DCFD5E821463A550057D958 /* LGPhotoPickerGroupViewController.m */ = {isa = PBXFileReference; fileEncoding = 4; lastKnownFileType = sourcecode.c.objc; path = LGPhotoPickerGroupViewController.m; sourceTree = "<group>"; };
		2DCFD5E921463A550057D958 /* LGPhotoPickerViewController.h */ = {isa = PBXFileReference; fileEncoding = 4; lastKnownFileType = sourcecode.c.h; path = LGPhotoPickerViewController.h; sourceTree = "<group>"; };
		2DCFD5EA21463A550057D958 /* LGPhotoPickerViewController.m */ = {isa = PBXFileReference; fileEncoding = 4; lastKnownFileType = sourcecode.c.objc; path = LGPhotoPickerViewController.m; sourceTree = "<group>"; };
		2DCFD5EC21463A550057D958 /* LGPhotoPickerCollectionView.h */ = {isa = PBXFileReference; fileEncoding = 4; lastKnownFileType = sourcecode.c.h; path = LGPhotoPickerCollectionView.h; sourceTree = "<group>"; };
		2DCFD5ED21463A550057D958 /* LGPhotoPickerCollectionView.m */ = {isa = PBXFileReference; fileEncoding = 4; lastKnownFileType = sourcecode.c.objc; path = LGPhotoPickerCollectionView.m; sourceTree = "<group>"; };
		2DCFD5EE21463A550057D958 /* LGPhotoPickerCollectionViewCell.h */ = {isa = PBXFileReference; fileEncoding = 4; lastKnownFileType = sourcecode.c.h; path = LGPhotoPickerCollectionViewCell.h; sourceTree = "<group>"; };
		2DCFD5EF21463A550057D958 /* LGPhotoPickerCollectionViewCell.m */ = {isa = PBXFileReference; fileEncoding = 4; lastKnownFileType = sourcecode.c.objc; path = LGPhotoPickerCollectionViewCell.m; sourceTree = "<group>"; };
		2DCFD5F021463A550057D958 /* LGPhotoPickerFooterCollectionReusableView.h */ = {isa = PBXFileReference; fileEncoding = 4; lastKnownFileType = sourcecode.c.h; path = LGPhotoPickerFooterCollectionReusableView.h; sourceTree = "<group>"; };
		2DCFD5F121463A550057D958 /* LGPhotoPickerFooterCollectionReusableView.m */ = {isa = PBXFileReference; fileEncoding = 4; lastKnownFileType = sourcecode.c.objc; path = LGPhotoPickerFooterCollectionReusableView.m; sourceTree = "<group>"; };
		2DCFD5F221463A550057D958 /* LGPhotoPickerGroupTableViewCell.h */ = {isa = PBXFileReference; fileEncoding = 4; lastKnownFileType = sourcecode.c.h; path = LGPhotoPickerGroupTableViewCell.h; sourceTree = "<group>"; };
		2DCFD5F321463A550057D958 /* LGPhotoPickerGroupTableViewCell.m */ = {isa = PBXFileReference; fileEncoding = 4; lastKnownFileType = sourcecode.c.objc; path = LGPhotoPickerGroupTableViewCell.m; sourceTree = "<group>"; };
		2DCFD5F421463A550057D958 /* LGPhotoPickerImageView.h */ = {isa = PBXFileReference; fileEncoding = 4; lastKnownFileType = sourcecode.c.h; path = LGPhotoPickerImageView.h; sourceTree = "<group>"; };
		2DCFD5F521463A550057D958 /* LGPhotoPickerImageView.m */ = {isa = PBXFileReference; fileEncoding = 4; lastKnownFileType = sourcecode.c.objc; path = LGPhotoPickerImageView.m; sourceTree = "<group>"; };
		2DCFD60A21463C3E0057D958 /* btn_back_imagePicker@2x.png */ = {isa = PBXFileReference; lastKnownFileType = image.png; path = "btn_back_imagePicker@2x.png"; sourceTree = "<group>"; };
		2DCFD60B21463C3E0057D958 /* checkbox_pic2@2x.png */ = {isa = PBXFileReference; lastKnownFileType = image.png; path = "checkbox_pic2@2x.png"; sourceTree = "<group>"; };
		2DCFD60C21463C3E0057D958 /* checkbox_pic@2x.png */ = {isa = PBXFileReference; lastKnownFileType = image.png; path = "checkbox_pic@2x.png"; sourceTree = "<group>"; };
		2DCFD60D21463C3E0057D958 /* checkbox_pic_non2@2x.png */ = {isa = PBXFileReference; lastKnownFileType = image.png; path = "checkbox_pic_non2@2x.png"; sourceTree = "<group>"; };
		2DCFD60E21463C3E0057D958 /* checkbox_pic_non@2x.png */ = {isa = PBXFileReference; lastKnownFileType = image.png; path = "checkbox_pic_non@2x.png"; sourceTree = "<group>"; };
		2DCFD6142146428F0057D958 /* lock@2x.png */ = {isa = PBXFileReference; lastKnownFileType = image.png; path = "lock@2x.png"; sourceTree = "<group>"; };
/* End PBXFileReference section */

/* Begin PBXFrameworksBuildPhase section */
		2DCFD542214635FD0057D958 /* Frameworks */ = {
			isa = PBXFrameworksBuildPhase;
			buildActionMask = 2147483647;
			files = (
			);
			runOnlyForDeploymentPostprocessing = 0;
		};
/* End PBXFrameworksBuildPhase section */

/* Begin PBXGroup section */
		2DCFD53C214635FD0057D958 = {
			isa = PBXGroup;
			children = (
				2DCFD547214635FD0057D958 /* photo */,
				2DCFD546214635FD0057D958 /* Products */,
			);
			sourceTree = "<group>";
		};
		2DCFD546214635FD0057D958 /* Products */ = {
			isa = PBXGroup;
			children = (
				2DCFD545214635FD0057D958 /* photo.app */,
			);
			name = Products;
			sourceTree = "<group>";
		};
		2DCFD547214635FD0057D958 /* photo */ = {
			isa = PBXGroup;
			children = (
				2DCFD55E214636540057D958 /* LFPhotoSelectTool */,
				2DCFD548214635FD0057D958 /* AppDelegate.h */,
				2DCFD549214635FD0057D958 /* AppDelegate.m */,
				2DCFD54B214635FD0057D958 /* ViewController.h */,
				2DCFD54C214635FD0057D958 /* ViewController.m */,
				2DCFD54E214635FE0057D958 /* Main.storyboard */,
				2DCFD551214636010057D958 /* Assets.xcassets */,
				2DCFD553214636010057D958 /* LaunchScreen.storyboard */,
				2DCFD556214636010057D958 /* Info.plist */,
				2DCFD557214636010057D958 /* main.m */,
			);
			path = photo;
			sourceTree = "<group>";
		};
		2DCFD55E214636540057D958 /* LFPhotoSelectTool */ = {
			isa = PBXGroup;
			children = (
				2DCFD60921463C3E0057D958 /* Images */,
				2DCFD5C821463A550057D958 /* LGPhotoBrowser */,
				2DCFD5DC21463A550057D958 /* LGPhotoPicker */,
				2DCFD584214636920057D958 /* ZLCamera */,
				2DCFD583214636830057D958 /* Third */,
				2DCFD5C6214638650057D958 /* LGPhotoPickerCommon.h */,
				2DCFD5C7214639B20057D958 /* LGPhoto.h */,
			);
			path = LFPhotoSelectTool;
			sourceTree = "<group>";
		};
		2DCFD583214636830057D958 /* Third */ = {
			isa = PBXGroup;
			children = (
				2DCFD594214636A70057D958 /* DACircularProgress */,
				2DCFD597214636A70057D958 /* SDWebImage */,
			);
			path = Third;
			sourceTree = "<group>";
		};
		2DCFD584214636920057D958 /* ZLCamera */ = {
			isa = PBXGroup;
			children = (
				2DCFD585214636920057D958 /* LGCameraImageView.h */,
				2DCFD586214636920057D958 /* LGCameraImageView.m */,
				2DCFD587214636920057D958 /* ZLCamera.h */,
				2DCFD588214636920057D958 /* ZLCamera.m */,
				2DCFD589214636920057D958 /* ZLCameraImageView.h */,
				2DCFD58A214636920057D958 /* ZLCameraImageView.m */,
				2DCFD58B214636920057D958 /* ZLCameraView.h */,
				2DCFD58C214636920057D958 /* ZLCameraView.m */,
				2DCFD58D214636920057D958 /* ZLCameraViewController.h */,
				2DCFD58E214636920057D958 /* ZLCameraViewController.m */,
			);
			path = ZLCamera;
			sourceTree = "<group>";
		};
		2DCFD594214636A70057D958 /* DACircularProgress */ = {
			isa = PBXGroup;
			children = (
				2DCFD595214636A70057D958 /* DACircularProgressView.h */,
				2DCFD596214636A70057D958 /* DACircularProgressView.m */,
			);
			path = DACircularProgress;
			sourceTree = "<group>";
		};
		2DCFD597214636A70057D958 /* SDWebImage */ = {
			isa = PBXGroup;
			children = (
				2DCFD598214636A70057D958 /* NSData+ImageContentType.h */,
				2DCFD599214636A70057D958 /* NSData+ImageContentType.m */,
				2DCFD59A214636A70057D958 /* SDImageCache.h */,
				2DCFD59B214636A70057D958 /* SDImageCache.m */,
				2DCFD59C214636A70057D958 /* SDWebImageCompat.h */,
				2DCFD59D214636A70057D958 /* SDWebImageCompat.m */,
				2DCFD59E214636A70057D958 /* SDWebImageDecoder.h */,
				2DCFD59F214636A70057D958 /* SDWebImageDecoder.m */,
				2DCFD5A0214636A70057D958 /* SDWebImageDownloader.h */,
				2DCFD5A1214636A70057D958 /* SDWebImageDownloader.m */,
				2DCFD5A2214636A70057D958 /* SDWebImageDownloaderOperation.h */,
				2DCFD5A3214636A70057D958 /* SDWebImageDownloaderOperation.m */,
				2DCFD5A4214636A70057D958 /* SDWebImageManager.h */,
				2DCFD5A5214636A70057D958 /* SDWebImageManager.m */,
				2DCFD5A6214636A70057D958 /* SDWebImageOperation.h */,
				2DCFD5A7214636A70057D958 /* SDWebImagePrefetcher.h */,
				2DCFD5A8214636A70057D958 /* SDWebImagePrefetcher.m */,
				2DCFD5A9214636A70057D958 /* UIButton+WebCache.h */,
				2DCFD5AA214636A70057D958 /* UIButton+WebCache.m */,
				2DCFD5AB214636A70057D958 /* UIImage+GIF.h */,
				2DCFD5AC214636A70057D958 /* UIImage+GIF.m */,
				2DCFD5AD214636A70057D958 /* UIImage+MultiFormat.h */,
				2DCFD5AE214636A70057D958 /* UIImage+MultiFormat.m */,
				2DCFD5AF214636A70057D958 /* UIImageView+HighlightedWebCache.h */,
				2DCFD5B0214636A70057D958 /* UIImageView+HighlightedWebCache.m */,
				2DCFD5B1214636A70057D958 /* UIImageView+WebCache.h */,
				2DCFD5B2214636A70057D958 /* UIImageView+WebCache.m */,
				2DCFD5B3214636A70057D958 /* UIView+WebCacheOperation.h */,
				2DCFD5B4214636A70057D958 /* UIView+WebCacheOperation.m */,
			);
			path = SDWebImage;
			sourceTree = "<group>";
		};
		2DCFD5C821463A550057D958 /* LGPhotoBrowser */ = {
			isa = PBXGroup;
			children = (
				2DCFD5C921463A550057D958 /* Models */,
				2DCFD5CE21463A550057D958 /* ViewControllers */,
				2DCFD5D121463A550057D958 /* Views */,
			);
			path = LGPhotoBrowser;
			sourceTree = "<group>";
		};
		2DCFD5C921463A550057D958 /* Models */ = {
			isa = PBXGroup;
			children = (
				2DCFD5CA21463A550057D958 /* LGPhotoPickerBrowserPhoto.h */,
				2DCFD5CB21463A550057D958 /* LGPhotoPickerBrowserPhoto.m */,
				2DCFD5CC21463A550057D958 /* LGPhotoRect.h */,
				2DCFD5CD21463A550057D958 /* LGPhotoRect.m */,
			);
			path = Models;
			sourceTree = "<group>";
		};
		2DCFD5CE21463A550057D958 /* ViewControllers */ = {
			isa = PBXGroup;
			children = (
				2DCFD5CF21463A550057D958 /* LGPhotoPickerBrowserViewController.h */,
				2DCFD5D021463A550057D958 /* LGPhotoPickerBrowserViewController.m */,
			);
			path = ViewControllers;
			sourceTree = "<group>";
		};
		2DCFD5D121463A550057D958 /* Views */ = {
			isa = PBXGroup;
			children = (
				2DCFD5D221463A550057D958 /* LGImagePickerSelectView.h */,
				2DCFD5D321463A550057D958 /* LGImagePickerSelectView.m */,
				2DCFD5D421463A550057D958 /* LGPhotoPickerBrowserPhotoImageView.h */,
				2DCFD5D521463A550057D958 /* LGPhotoPickerBrowserPhotoImageView.m */,
				2DCFD5D621463A550057D958 /* LGPhotoPickerBrowserPhotoScrollView.h */,
				2DCFD5D721463A550057D958 /* LGPhotoPickerBrowserPhotoScrollView.m */,
				2DCFD5D821463A550057D958 /* LGPhotoPickerBrowserPhotoView.h */,
				2DCFD5D921463A550057D958 /* LGPhotoPickerBrowserPhotoView.m */,
				2DCFD5DA21463A550057D958 /* LGPhotoPickerCustomToolBarView.h */,
				2DCFD5DB21463A550057D958 /* LGPhotoPickerCustomToolBarView.m */,
			);
			path = Views;
			sourceTree = "<group>";
		};
		2DCFD5DC21463A550057D958 /* LGPhotoPicker */ = {
			isa = PBXGroup;
			children = (
				2DCFD5DD21463A550057D958 /* Models */,
				2DCFD5E421463A550057D958 /* ViewControllers */,
				2DCFD5EB21463A550057D958 /* Views */,
			);
			path = LGPhotoPicker;
			sourceTree = "<group>";
		};
		2DCFD5DD21463A550057D958 /* Models */ = {
			isa = PBXGroup;
			children = (
				2DCFD5DE21463A550057D958 /* LGPhotoAssets.h */,
				2DCFD5DF21463A550057D958 /* LGPhotoAssets.m */,
				2DCFD5E021463A550057D958 /* LGPhotoPickerDatas.h */,
				2DCFD5E121463A550057D958 /* LGPhotoPickerDatas.m */,
				2DCFD5E221463A550057D958 /* LGPhotoPickerGroup.h */,
				2DCFD5E321463A550057D958 /* LGPhotoPickerGroup.m */,
			);
			path = Models;
			sourceTree = "<group>";
		};
		2DCFD5E421463A550057D958 /* ViewControllers */ = {
			isa = PBXGroup;
			children = (
				2DCFD5E521463A550057D958 /* LGPhotoPickerAssetsViewController.h */,
				2DCFD5E621463A550057D958 /* LGPhotoPickerAssetsViewController.m */,
				2DCFD5E721463A550057D958 /* LGPhotoPickerGroupViewController.h */,
				2DCFD5E821463A550057D958 /* LGPhotoPickerGroupViewController.m */,
				2DCFD5E921463A550057D958 /* LGPhotoPickerViewController.h */,
				2DCFD5EA21463A550057D958 /* LGPhotoPickerViewController.m */,
			);
			path = ViewControllers;
			sourceTree = "<group>";
		};
		2DCFD5EB21463A550057D958 /* Views */ = {
			isa = PBXGroup;
			children = (
				2DCFD5EC21463A550057D958 /* LGPhotoPickerCollectionView.h */,
				2DCFD5ED21463A550057D958 /* LGPhotoPickerCollectionView.m */,
				2DCFD5EE21463A550057D958 /* LGPhotoPickerCollectionViewCell.h */,
				2DCFD5EF21463A550057D958 /* LGPhotoPickerCollectionViewCell.m */,
				2DCFD5F021463A550057D958 /* LGPhotoPickerFooterCollectionReusableView.h */,
				2DCFD5F121463A550057D958 /* LGPhotoPickerFooterCollectionReusableView.m */,
				2DCFD5F221463A550057D958 /* LGPhotoPickerGroupTableViewCell.h */,
				2DCFD5F321463A550057D958 /* LGPhotoPickerGroupTableViewCell.m */,
				2DCFD5F421463A550057D958 /* LGPhotoPickerImageView.h */,
				2DCFD5F521463A550057D958 /* LGPhotoPickerImageView.m */,
			);
			path = Views;
			sourceTree = "<group>";
		};
		2DCFD60921463C3E0057D958 /* Images */ = {
			isa = PBXGroup;
			children = (
				2DCFD60A21463C3E0057D958 /* btn_back_imagePicker@2x.png */,
				2DCFD6142146428F0057D958 /* lock@2x.png */,
				2DCFD60B21463C3E0057D958 /* checkbox_pic2@2x.png */,
				2DCFD60C21463C3E0057D958 /* checkbox_pic@2x.png */,
				2DCFD60D21463C3E0057D958 /* checkbox_pic_non2@2x.png */,
				2DCFD60E21463C3E0057D958 /* checkbox_pic_non@2x.png */,
			);
			path = Images;
			sourceTree = "<group>";
		};
/* End PBXGroup section */

/* Begin PBXNativeTarget section */
		2DCFD544214635FD0057D958 /* photo */ = {
			isa = PBXNativeTarget;
			buildConfigurationList = 2DCFD55B214636010057D958 /* Build configuration list for PBXNativeTarget "photo" */;
			buildPhases = (
				2DCFD541214635FD0057D958 /* Sources */,
				2DCFD542214635FD0057D958 /* Frameworks */,
				2DCFD543214635FD0057D958 /* Resources */,
			);
			buildRules = (
			);
			dependencies = (
			);
			name = photo;
			productName = photo;
			productReference = 2DCFD545214635FD0057D958 /* photo.app */;
			productType = "com.apple.product-type.application";
		};
/* End PBXNativeTarget section */

/* Begin PBXProject section */
		2DCFD53D214635FD0057D958 /* Project object */ = {
			isa = PBXProject;
			attributes = {
				LastUpgradeCheck = 0940;
				ORGANIZATIONNAME = lifei14;
				TargetAttributes = {
					2DCFD544214635FD0057D958 = {
						CreatedOnToolsVersion = 9.4.1;
					};
				};
			};
			buildConfigurationList = 2DCFD540214635FD0057D958 /* Build configuration list for PBXProject "photo" */;
			compatibilityVersion = "Xcode 9.3";
			developmentRegion = en;
			hasScannedForEncodings = 0;
			knownRegions = (
				en,
				Base,
			);
			mainGroup = 2DCFD53C214635FD0057D958;
			productRefGroup = 2DCFD546214635FD0057D958 /* Products */;
			projectDirPath = "";
			projectRoot = "";
			targets = (
				2DCFD544214635FD0057D958 /* photo */,
			);
		};
/* End PBXProject section */

/* Begin PBXResourcesBuildPhase section */
		2DCFD543214635FD0057D958 /* Resources */ = {
			isa = PBXResourcesBuildPhase;
			buildActionMask = 2147483647;
			files = (
				2DCFD61321463C3E0057D958 /* checkbox_pic_non@2x.png in Resources */,
				2DCFD61121463C3E0057D958 /* checkbox_pic@2x.png in Resources */,
				2DCFD60F21463C3E0057D958 /* btn_back_imagePicker@2x.png in Resources */,
				2DCFD555214636010057D958 /* LaunchScreen.storyboard in Resources */,
				2DCFD6152146428F0057D958 /* lock@2x.png in Resources */,
				2DCFD552214636010057D958 /* Assets.xcassets in Resources */,
				2DCFD550214635FE0057D958 /* Main.storyboard in Resources */,
				2DCFD61221463C3E0057D958 /* checkbox_pic_non2@2x.png in Resources */,
				2DCFD61021463C3E0057D958 /* checkbox_pic2@2x.png in Resources */,
			);
			runOnlyForDeploymentPostprocessing = 0;
		};
/* End PBXResourcesBuildPhase section */

/* Begin PBXSourcesBuildPhase section */
		2DCFD541214635FD0057D958 /* Sources */ = {
			isa = PBXSourcesBuildPhase;
			buildActionMask = 2147483647;
			files = (
				2DCFD5C3214636A70057D958 /* UIView+WebCacheOperation.m in Sources */,
				2DCFD54D214635FD0057D958 /* ViewController.m in Sources */,
				2DCFD5FF21463A550057D958 /* LGPhotoPickerDatas.m in Sources */,
				2DCFD5F721463A550057D958 /* LGPhotoRect.m in Sources */,
				2DCFD5BD214636A70057D958 /* SDWebImagePrefetcher.m in Sources */,
				2DCFD5C1214636A70057D958 /* UIImageView+HighlightedWebCache.m in Sources */,
				2DCFD5BB214636A70057D958 /* SDWebImageDownloaderOperation.m in Sources */,
				2DCFD60121463A550057D958 /* LGPhotoPickerAssetsViewController.m in Sources */,
				2DCFD60821463A550057D958 /* LGPhotoPickerImageView.m in Sources */,
				2DCFD60721463A550057D958 /* LGPhotoPickerGroupTableViewCell.m in Sources */,
				2DCFD60221463A550057D958 /* LGPhotoPickerGroupViewController.m in Sources */,
				2DCFD5FB21463A550057D958 /* LGPhotoPickerBrowserPhotoScrollView.m in Sources */,
				2DCFD558214636010057D958 /* main.m in Sources */,
				2DCFD60521463A550057D958 /* LGPhotoPickerCollectionViewCell.m in Sources */,
				2DCFD5FD21463A550057D958 /* LGPhotoPickerCustomToolBarView.m in Sources */,
				2DCFD60421463A550057D958 /* LGPhotoPickerCollectionView.m in Sources */,
				2DCFD5B9214636A70057D958 /* SDWebImageDecoder.m in Sources */,
				2DCFD60021463A550057D958 /* LGPhotoPickerGroup.m in Sources */,
				2DCFD5B6214636A70057D958 /* NSData+ImageContentType.m in Sources */,
				2DCFD590214636920057D958 /* ZLCamera.m in Sources */,
				2DCFD60621463A550057D958 /* LGPhotoPickerFooterCollectionReusableView.m in Sources */,
				2DCFD5FA21463A550057D958 /* LGPhotoPickerBrowserPhotoImageView.m in Sources */,
				2DCFD5F921463A550057D958 /* LGImagePickerSelectView.m in Sources */,
				2DCFD5B5214636A70057D958 /* DACircularProgressView.m in Sources */,
				2DCFD5C2214636A70057D958 /* UIImageView+WebCache.m in Sources */,
				2DCFD5B7214636A70057D958 /* SDImageCache.m in Sources */,
				2DCFD592214636920057D958 /* ZLCameraView.m in Sources */,
				2DCFD5BC214636A70057D958 /* SDWebImageManager.m in Sources */,
				2DCFD5FC21463A550057D958 /* LGPhotoPickerBrowserPhotoView.m in Sources */,
				2DCFD54A214635FD0057D958 /* AppDelegate.m in Sources */,
				2DCFD5BA214636A70057D958 /* SDWebImageDownloader.m in Sources */,
				2DCFD5BF214636A70057D958 /* UIImage+GIF.m in Sources */,
				2DCFD58F214636920057D958 /* LGCameraImageView.m in Sources */,
				2DCFD5F821463A550057D958 /* LGPhotoPickerBrowserViewController.m in Sources */,
				2DCFD5C0214636A70057D958 /* UIImage+MultiFormat.m in Sources */,
				2DCFD5FE21463A550057D958 /* LGPhotoAssets.m in Sources */,
				2DCFD60321463A550057D958 /* LGPhotoPickerViewController.m in Sources */,
				2DCFD5B8214636A70057D958 /* SDWebImageCompat.m in Sources */,
				2DCFD593214636920057D958 /* ZLCameraViewController.m in Sources */,
				2DCFD5BE214636A70057D958 /* UIButton+WebCache.m in Sources */,
				2DCFD591214636920057D958 /* ZLCameraImageView.m in Sources */,
				2DCFD5F621463A550057D958 /* LGPhotoPickerBrowserPhoto.m in Sources */,
			);
			runOnlyForDeploymentPostprocessing = 0;
		};
/* End PBXSourcesBuildPhase section */

/* Begin PBXVariantGroup section */
		2DCFD54E214635FE0057D958 /* Main.storyboard */ = {
			isa = PBXVariantGroup;
			children = (
				2DCFD54F214635FE0057D958 /* Base */,
			);
			name = Main.storyboard;
			sourceTree = "<group>";
		};
		2DCFD553214636010057D958 /* LaunchScreen.storyboard */ = {
			isa = PBXVariantGroup;
			children = (
				2DCFD554214636010057D958 /* Base */,
			);
			name = LaunchScreen.storyboard;
			sourceTree = "<group>";
		};
/* End PBXVariantGroup section */

/* Begin XCBuildConfiguration section */
		2DCFD559214636010057D958 /* Debug */ = {
			isa = XCBuildConfiguration;
			buildSettings = {
				ALWAYS_SEARCH_USER_PATHS = NO;
				CLANG_ANALYZER_NONNULL = YES;
				CLANG_ANALYZER_NUMBER_OBJECT_CONVERSION = YES_AGGRESSIVE;
				CLANG_CXX_LANGUAGE_STANDARD = "gnu++14";
				CLANG_CXX_LIBRARY = "libc++";
				CLANG_ENABLE_MODULES = YES;
				CLANG_ENABLE_OBJC_ARC = YES;
				CLANG_ENABLE_OBJC_WEAK = YES;
				CLANG_WARN_BLOCK_CAPTURE_AUTORELEASING = YES;
				CLANG_WARN_BOOL_CONVERSION = YES;
				CLANG_WARN_COMMA = YES;
				CLANG_WARN_CONSTANT_CONVERSION = YES;
				CLANG_WARN_DEPRECATED_OBJC_IMPLEMENTATIONS = YES;
				CLANG_WARN_DIRECT_OBJC_ISA_USAGE = YES_ERROR;
				CLANG_WARN_DOCUMENTATION_COMMENTS = YES;
				CLANG_WARN_EMPTY_BODY = YES;
				CLANG_WARN_ENUM_CONVERSION = YES;
				CLANG_WARN_INFINITE_RECURSION = YES;
				CLANG_WARN_INT_CONVERSION = YES;
				CLANG_WARN_NON_LITERAL_NULL_CONVERSION = YES;
				CLANG_WARN_OBJC_IMPLICIT_RETAIN_SELF = YES;
				CLANG_WARN_OBJC_LITERAL_CONVERSION = YES;
				CLANG_WARN_OBJC_ROOT_CLASS = YES_ERROR;
				CLANG_WARN_RANGE_LOOP_ANALYSIS = YES;
				CLANG_WARN_STRICT_PROTOTYPES = YES;
				CLANG_WARN_SUSPICIOUS_MOVE = YES;
				CLANG_WARN_UNGUARDED_AVAILABILITY = YES_AGGRESSIVE;
				CLANG_WARN_UNREACHABLE_CODE = YES;
				CLANG_WARN__DUPLICATE_METHOD_MATCH = YES;
				CODE_SIGN_IDENTITY = "iPhone Developer";
				COPY_PHASE_STRIP = NO;
				DEBUG_INFORMATION_FORMAT = dwarf;
				ENABLE_STRICT_OBJC_MSGSEND = YES;
				ENABLE_TESTABILITY = YES;
				GCC_C_LANGUAGE_STANDARD = gnu11;
				GCC_DYNAMIC_NO_PIC = NO;
				GCC_NO_COMMON_BLOCKS = YES;
				GCC_OPTIMIZATION_LEVEL = 0;
				GCC_PREPROCESSOR_DEFINITIONS = (
					"DEBUG=1",
					"$(inherited)",
				);
				GCC_WARN_64_TO_32_BIT_CONVERSION = YES;
				GCC_WARN_ABOUT_RETURN_TYPE = YES_ERROR;
				GCC_WARN_UNDECLARED_SELECTOR = YES;
				GCC_WARN_UNINITIALIZED_AUTOS = YES_AGGRESSIVE;
				GCC_WARN_UNUSED_FUNCTION = YES;
				GCC_WARN_UNUSED_VARIABLE = YES;
				IPHONEOS_DEPLOYMENT_TARGET = 11.4;
				MTL_ENABLE_DEBUG_INFO = YES;
				ONLY_ACTIVE_ARCH = YES;
				SDKROOT = iphoneos;
			};
			name = Debug;
		};
		2DCFD55A214636010057D958 /* Release */ = {
			isa = XCBuildConfiguration;
			buildSettings = {
				ALWAYS_SEARCH_USER_PATHS = NO;
				CLANG_ANALYZER_NONNULL = YES;
				CLANG_ANALYZER_NUMBER_OBJECT_CONVERSION = YES_AGGRESSIVE;
				CLANG_CXX_LANGUAGE_STANDARD = "gnu++14";
				CLANG_CXX_LIBRARY = "libc++";
				CLANG_ENABLE_MODULES = YES;
				CLANG_ENABLE_OBJC_ARC = YES;
				CLANG_ENABLE_OBJC_WEAK = YES;
				CLANG_WARN_BLOCK_CAPTURE_AUTORELEASING = YES;
				CLANG_WARN_BOOL_CONVERSION = YES;
				CLANG_WARN_COMMA = YES;
				CLANG_WARN_CONSTANT_CONVERSION = YES;
				CLANG_WARN_DEPRECATED_OBJC_IMPLEMENTATIONS = YES;
				CLANG_WARN_DIRECT_OBJC_ISA_USAGE = YES_ERROR;
				CLANG_WARN_DOCUMENTATION_COMMENTS = YES;
				CLANG_WARN_EMPTY_BODY = YES;
				CLANG_WARN_ENUM_CONVERSION = YES;
				CLANG_WARN_INFINITE_RECURSION = YES;
				CLANG_WARN_INT_CONVERSION = YES;
				CLANG_WARN_NON_LITERAL_NULL_CONVERSION = YES;
				CLANG_WARN_OBJC_IMPLICIT_RETAIN_SELF = YES;
				CLANG_WARN_OBJC_LITERAL_CONVERSION = YES;
				CLANG_WARN_OBJC_ROOT_CLASS = YES_ERROR;
				CLANG_WARN_RANGE_LOOP_ANALYSIS = YES;
				CLANG_WARN_STRICT_PROTOTYPES = YES;
				CLANG_WARN_SUSPICIOUS_MOVE = YES;
				CLANG_WARN_UNGUARDED_AVAILABILITY = YES_AGGRESSIVE;
				CLANG_WARN_UNREACHABLE_CODE = YES;
				CLANG_WARN__DUPLICATE_METHOD_MATCH = YES;
				CODE_SIGN_IDENTITY = "iPhone Developer";
				COPY_PHASE_STRIP = NO;
				DEBUG_INFORMATION_FORMAT = "dwarf-with-dsym";
				ENABLE_NS_ASSERTIONS = NO;
				ENABLE_STRICT_OBJC_MSGSEND = YES;
				GCC_C_LANGUAGE_STANDARD = gnu11;
				GCC_NO_COMMON_BLOCKS = YES;
				GCC_WARN_64_TO_32_BIT_CONVERSION = YES;
				GCC_WARN_ABOUT_RETURN_TYPE = YES_ERROR;
				GCC_WARN_UNDECLARED_SELECTOR = YES;
				GCC_WARN_UNINITIALIZED_AUTOS = YES_AGGRESSIVE;
				GCC_WARN_UNUSED_FUNCTION = YES;
				GCC_WARN_UNUSED_VARIABLE = YES;
				IPHONEOS_DEPLOYMENT_TARGET = 11.4;
				MTL_ENABLE_DEBUG_INFO = NO;
				SDKROOT = iphoneos;
				VALIDATE_PRODUCT = YES;
			};
			name = Release;
		};
		2DCFD55C214636010057D958 /* Debug */ = {
			isa = XCBuildConfiguration;
			buildSettings = {
				ASSETCATALOG_COMPILER_APPICON_NAME = AppIcon;
				CODE_SIGN_STYLE = Automatic;
				INFOPLIST_FILE = photo/Info.plist;
				LD_RUNPATH_SEARCH_PATHS = (
					"$(inherited)",
					"@executable_path/Frameworks",
				);
				PRODUCT_BUNDLE_IDENTIFIER = lifei.photo;
				PRODUCT_NAME = "$(TARGET_NAME)";
				TARGETED_DEVICE_FAMILY = "1,2";
			};
			name = Debug;
		};
		2DCFD55D214636010057D958 /* Release */ = {
			isa = XCBuildConfiguration;
			buildSettings = {
				ASSETCATALOG_COMPILER_APPICON_NAME = AppIcon;
				CODE_SIGN_STYLE = Automatic;
				INFOPLIST_FILE = photo/Info.plist;
				LD_RUNPATH_SEARCH_PATHS = (
					"$(inherited)",
					"@executable_path/Frameworks",
				);
				PRODUCT_BUNDLE_IDENTIFIER = lifei.photo;
				PRODUCT_NAME = "$(TARGET_NAME)";
				TARGETED_DEVICE_FAMILY = "1,2";
			};
			name = Release;
		};
/* End XCBuildConfiguration section */

/* Begin XCConfigurationList section */
		2DCFD540214635FD0057D958 /* Build configuration list for PBXProject "photo" */ = {
			isa = XCConfigurationList;
			buildConfigurations = (
				2DCFD559214636010057D958 /* Debug */,
				2DCFD55A214636010057D958 /* Release */,
			);
			defaultConfigurationIsVisible = 0;
			defaultConfigurationName = Release;
		};
		2DCFD55B214636010057D958 /* Build configuration list for PBXNativeTarget "photo" */ = {
			isa = XCConfigurationList;
			buildConfigurations = (
				2DCFD55C214636010057D958 /* Debug */,
				2DCFD55D214636010057D958 /* Release */,
			);
			defaultConfigurationIsVisible = 0;
			defaultConfigurationName = Release;
		};
/* End XCConfigurationList section */
	};
	rootObject = 2DCFD53D214635FD0057D958 /* Project object */;
}
